
Microsoft Visual Studio Solution File, Format Version 11.00
# Visual Studio 2010
Project("{FAE04EC0-301F-11D3-BF4B-00C04F79EFBC}") = "VuforiaScripts", "VuforiaScripts.csproj", "{D29B4B6C-110D-1315-E9CC-D9D1AF155E03}"
EndProject
Project("{FAE04EC0-301F-11D3-BF4B-00C04F79EFBC}") = "Assembly-CSharp", "Assembly-CSharp.csproj", "{A139A90E-2237-E895-2A02-9ED442D1FC1A}"
EndProject
Project("{FAE04EC0-301F-11D3-BF4B-00C04F79EFBC}") = "VuforiaEditorScripts", "VuforiaEditorScripts.csproj", "{4724C8AD-A25B-7C14-8E50-D51A5210C0DD}"
EndProject
Global
	GlobalSection(SolutionConfigurationPlatforms) = preSolution
		Debug|Any CPU = Debug|Any CPU
		Release|Any CPU = Release|Any CPU
	EndGlobalSection
	GlobalSection(ProjectConfigurationPlatforms) = postSolution
		{D29B4B6C-110D-1315-E9CC-D9D1AF155E03}.Debug|Any CPU.ActiveCfg = Debug|Any CPU
		{D29B4B6C-110D-1315-E9CC-D9D1AF155E03}.Debug|Any CPU.Build.0 = Debug|Any CPU
		{D29B4B6C-110D-1315-E9CC-D9D1AF155E03}.Release|Any CPU.ActiveCfg = Release|Any CPU
		{D29B4B6C-110D-1315-E9CC-D9D1AF155E03}.Release|Any CPU.Build.0 = Release|Any CPU
		{A139A90E-2237-E895-2A02-9ED442D1FC1A}.Debug|Any CPU.ActiveCfg = Debug|Any CPU
		{A139A90E-2237-E895-2A02-9ED442D1FC1A}.Debug|Any CPU.Build.0 = Debug|Any CPU
		{A139A90E-2237-E895-2A02-9ED442D1FC1A}.Release|Any CPU.ActiveCfg = Release|Any CPU
		{A139A90E-2237-E895-2A02-9ED442D1FC1A}.Release|Any CPU.Build.0 = Release|Any CPU
		{4724C8AD-A25B-7C14-8E50-D51A5210C0DD}.Debug|Any CPU.ActiveCfg = Debug|Any CPU
		{4724C8AD-A25B-7C14-8E50-D51A5210C0DD}.Debug|Any CPU.Build.0 = Debug|Any CPU
		{4724C8AD-A25B-7C14-8E50-D51A5210C0DD}.Release|Any CPU.ActiveCfg = Release|Any CPU
		{4724C8AD-A25B-7C14-8E50-D51A5210C0DD}.Release|Any CPU.Build.0 = Release|Any CPU
	EndGlobalSection
	GlobalSection(SolutionProperties) = preSolution
		HideSolutionNode = FALSE
	EndGlobalSection
	GlobalSection(MonoDevelopProperties) = preSolution
		StartupItem = Assembly-CSharp.csproj
	EndGlobalSection
EndGlobal
